
Microsoft Visual Studio Solution File, Format Version 12.00
# Visual Studio Version 17
VisualStudioVersion = 17.3.32825.248
MinimumVisualStudioVersion = 10.0.40219.1
Project("{9A19103F-16F7-4668-BE54-9A1E7A4F7556}") = "MI.PIMS.UI", "MI.PIMS.UI\MI.PIMS.UI.csproj", "{A16016D9-3C08-41E3-8836-D8499E57A295}"
EndProject
Project("{9A19103F-16F7-4668-BE54-9A1E7A4F7556}") = "MI.PIMS.BO", "..\MI.PIMS.MT\MI.PIMS.BO\MI.PIMS.BO.csproj", "{8D3608EB-E423-4BF9-9D40-3864B63DE625}"
EndProject
Project("{9A19103F-16F7-4668-BE54-9A1E7A4F7556}") = "MI.PIMS.BL", "..\MI.PIMS.MT\MI.PIMS.BL\MI.PIMS.BL.csproj", "{0FA1547E-A4C2-4008-AA5C-62567E81F9BE}"
EndProject
Global
	GlobalSection(SolutionConfigurationPlatforms) = preSolution
		Debug|Any CPU = Debug|Any CPU
		Release|Any CPU = Release|Any CPU
	EndGlobalSection
	GlobalSection(ProjectConfigurationPlatforms) = postSolution
		{A16016D9-3C08-41E3-8836-D8499E57A295}.Debug|Any CPU.ActiveCfg = Debug|Any CPU
		{A16016D9-3C08-41E3-8836-D8499E57A295}.Debug|Any CPU.Build.0 = Debug|Any CPU
		{A16016D9-3C08-41E3-8836-D8499E57A295}.Release|Any CPU.ActiveCfg = Release|Any CPU
		{A16016D9-3C08-41E3-8836-D8499E57A295}.Release|Any CPU.Build.0 = Release|Any CPU
		{8D3608EB-E423-4BF9-9D40-3864B63DE625}.Debug|Any CPU.ActiveCfg = Debug|Any CPU
		{8D3608EB-E423-4BF9-9D40-3864B63DE625}.Debug|Any CPU.Build.0 = Debug|Any CPU
		{8D3608EB-E423-4BF9-9D40-3864B63DE625}.Release|Any CPU.ActiveCfg = Release|Any CPU
		{8D3608EB-E423-4BF9-9D40-3864B63DE625}.Release|Any CPU.Build.0 = Release|Any CPU
		{0FA1547E-A4C2-4008-AA5C-62567E81F9BE}.Debug|Any CPU.ActiveCfg = Debug|Any CPU
		{0FA1547E-A4C2-4008-AA5C-62567E81F9BE}.Debug|Any CPU.Build.0 = Debug|Any CPU
		{0FA1547E-A4C2-4008-AA5C-62567E81F9BE}.Release|Any CPU.ActiveCfg = Release|Any CPU
		{0FA1547E-A4C2-4008-AA5C-62567E81F9BE}.Release|Any CPU.Build.0 = Release|Any CPU
	EndGlobalSection
	GlobalSection(SolutionProperties) = preSolution
		HideSolutionNode = FALSE
	EndGlobalSection
	GlobalSection(ExtensibilityGlobals) = postSolution
		SolutionGuid = {9500CDB5-AD4D-4E55-B051-DC5577C0B08A}
	EndGlobalSection
EndGlobal
